
Microsoft Visual Studio Solution File, Format Version 12.00
# Visual Studio 15
VisualStudioVersion = 15.0.28307.1062
MinimumVisualStudioVersion = 10.0.40219.1
Project("{FAE04EC0-301F-11D3-BF4B-00C04F79EFBC}") = "HomeWork4_2", "HomeWork4_2\HomeWork4_2.csproj", "{F4643126-2766-4DF8-8E8E-21BDA27D41D1}"
EndProject
Global
	GlobalSection(SolutionConfigurationPlatforms) = preSolution
		Debug|Any CPU = Debug|Any CPU
		Release|Any CPU = Release|Any CPU
	EndGlobalSection
	GlobalSection(ProjectConfigurationPlatforms) = postSolution
		{F4643126-2766-4DF8-8E8E-21BDA27D41D1}.Debug|Any CPU.ActiveCfg = Debug|Any CPU
		{F4643126-2766-4DF8-8E8E-21BDA27D41D1}.Debug|Any CPU.Build.0 = Debug|Any CPU
		{F4643126-2766-4DF8-8E8E-21BDA27D41D1}.Release|Any CPU.ActiveCfg = Release|Any CPU
		{F4643126-2766-4DF8-8E8E-21BDA27D41D1}.Release|Any CPU.Build.0 = Release|Any CPU
	EndGlobalSection
	GlobalSection(SolutionProperties) = preSolution
		HideSolutionNode = FALSE
	EndGlobalSection
	GlobalSection(ExtensibilityGlobals) = postSolution
		SolutionGuid = {D7F42C9F-B579-4D44-894D-8804718C09A5}
	EndGlobalSection
EndGlobal
