
Microsoft Visual Studio Solution File, Format Version 12.00
# Visual Studio 15
VisualStudioVersion = 15.0.28307.1022
MinimumVisualStudioVersion = 10.0.40219.1
Project("{FAE04EC0-301F-11D3-BF4B-00C04F79EFBC}") = "WindowsFormsApp2", "WindowsFormsApp2\WindowsFormsApp2.csproj", "{1B8D7C38-CAAE-4D44-8303-505A3D5D4DEC}"
EndProject
Global
	GlobalSection(SolutionConfigurationPlatforms) = preSolution
		Debug|Any CPU = Debug|Any CPU
		Release|Any CPU = Release|Any CPU
	EndGlobalSection
	GlobalSection(ProjectConfigurationPlatforms) = postSolution
		{1B8D7C38-CAAE-4D44-8303-505A3D5D4DEC}.Debug|Any CPU.ActiveCfg = Debug|Any CPU
		{1B8D7C38-CAAE-4D44-8303-505A3D5D4DEC}.Debug|Any CPU.Build.0 = Debug|Any CPU
		{1B8D7C38-CAAE-4D44-8303-505A3D5D4DEC}.Release|Any CPU.ActiveCfg = Release|Any CPU
		{1B8D7C38-CAAE-4D44-8303-505A3D5D4DEC}.Release|Any CPU.Build.0 = Release|Any CPU
	EndGlobalSection
	GlobalSection(SolutionProperties) = preSolution
		HideSolutionNode = FALSE
	EndGlobalSection
	GlobalSection(ExtensibilityGlobals) = postSolution
		SolutionGuid = {431A5298-5C70-4197-BFD2-A4956DC04049}
	EndGlobalSection
EndGlobal
